
Microsoft Visual Studio Solution File, Format Version 12.00
# Visual Studio 2013
VisualStudioVersion = 12.0.31101.0
MinimumVisualStudioVersion = 10.0.40219.1
Project("{FAE04EC0-301F-11D3-BF4B-00C04F79EFBC}") = "ExternalTestAssembly", "ExternalTestAssembly\ExternalTestAssembly.csproj", "{386AE4C1-5DB6-4ECC-A3BD-455DF843C06D}"
EndProject
Project("{FAE04EC0-301F-11D3-BF4B-00C04F79EFBC}") = "WpfCustomControlLibrary1", "WpfCustomControlLibrary1\WpfCustomControlLibrary1.csproj", "{6CA67FB7-F0F4-44D8-876C-12E4D5BD1B42}"
EndProject
Project("{6141683F-8A12-4E36-9623-2EB02B2C2303}") = "ExternalAssemblySetup", "ExternalAssemblySetup\ExternalAssemblySetup.isproj", "{A4B33129-327B-47DC-A747-346352077074}"
	ProjectSection(ProjectDependencies) = postProject
		{6CA67FB7-F0F4-44D8-876C-12E4D5BD1B42} = {6CA67FB7-F0F4-44D8-876C-12E4D5BD1B42}
	EndProjectSection
EndProject
Global
	GlobalSection(SolutionConfigurationPlatforms) = preSolution
		CD_ROM|Any CPU = CD_ROM|Any CPU
		Debug|Any CPU = Debug|Any CPU
		DVD-5|Any CPU = DVD-5|Any CPU
		Release|Any CPU = Release|Any CPU
		SingleImage|Any CPU = SingleImage|Any CPU
	EndGlobalSection
	GlobalSection(ProjectConfigurationPlatforms) = postSolution
		{386AE4C1-5DB6-4ECC-A3BD-455DF843C06D}.CD_ROM|Any CPU.ActiveCfg = Release|Any CPU
		{386AE4C1-5DB6-4ECC-A3BD-455DF843C06D}.CD_ROM|Any CPU.Build.0 = Release|Any CPU
		{386AE4C1-5DB6-4ECC-A3BD-455DF843C06D}.Debug|Any CPU.ActiveCfg = Debug|Any CPU
		{386AE4C1-5DB6-4ECC-A3BD-455DF843C06D}.Debug|Any CPU.Build.0 = Debug|Any CPU
		{386AE4C1-5DB6-4ECC-A3BD-455DF843C06D}.DVD-5|Any CPU.ActiveCfg = Debug|Any CPU
		{386AE4C1-5DB6-4ECC-A3BD-455DF843C06D}.DVD-5|Any CPU.Build.0 = Debug|Any CPU
		{386AE4C1-5DB6-4ECC-A3BD-455DF843C06D}.Release|Any CPU.ActiveCfg = Release|Any CPU
		{386AE4C1-5DB6-4ECC-A3BD-455DF843C06D}.Release|Any CPU.Build.0 = Release|Any CPU
		{386AE4C1-5DB6-4ECC-A3BD-455DF843C06D}.SingleImage|Any CPU.ActiveCfg = Release|Any CPU
		{386AE4C1-5DB6-4ECC-A3BD-455DF843C06D}.SingleImage|Any CPU.Build.0 = Release|Any CPU
		{6CA67FB7-F0F4-44D8-876C-12E4D5BD1B42}.CD_ROM|Any CPU.ActiveCfg = Release|Any CPU
		{6CA67FB7-F0F4-44D8-876C-12E4D5BD1B42}.CD_ROM|Any CPU.Build.0 = Release|Any CPU
		{6CA67FB7-F0F4-44D8-876C-12E4D5BD1B42}.Debug|Any CPU.ActiveCfg = Debug|Any CPU
		{6CA67FB7-F0F4-44D8-876C-12E4D5BD1B42}.Debug|Any CPU.Build.0 = Debug|Any CPU
		{6CA67FB7-F0F4-44D8-876C-12E4D5BD1B42}.DVD-5|Any CPU.ActiveCfg = Debug|Any CPU
		{6CA67FB7-F0F4-44D8-876C-12E4D5BD1B42}.DVD-5|Any CPU.Build.0 = Debug|Any CPU
		{6CA67FB7-F0F4-44D8-876C-12E4D5BD1B42}.Release|Any CPU.ActiveCfg = Release|Any CPU
		{6CA67FB7-F0F4-44D8-876C-12E4D5BD1B42}.Release|Any CPU.Build.0 = Release|Any CPU
		{6CA67FB7-F0F4-44D8-876C-12E4D5BD1B42}.SingleImage|Any CPU.ActiveCfg = Release|Any CPU
		{6CA67FB7-F0F4-44D8-876C-12E4D5BD1B42}.SingleImage|Any CPU.Build.0 = Release|Any CPU
		{A4B33129-327B-47DC-A747-346352077074}.CD_ROM|Any CPU.ActiveCfg = CD_ROM
		{A4B33129-327B-47DC-A747-346352077074}.CD_ROM|Any CPU.Build.0 = CD_ROM
		{A4B33129-327B-47DC-A747-346352077074}.Debug|Any CPU.ActiveCfg = DVD-5
		{A4B33129-327B-47DC-A747-346352077074}.Debug|Any CPU.Build.0 = DVD-5
		{A4B33129-327B-47DC-A747-346352077074}.DVD-5|Any CPU.ActiveCfg = DVD-5
		{A4B33129-327B-47DC-A747-346352077074}.DVD-5|Any CPU.Build.0 = DVD-5
		{A4B33129-327B-47DC-A747-346352077074}.Release|Any CPU.ActiveCfg = SingleImage
		{A4B33129-327B-47DC-A747-346352077074}.Release|Any CPU.Build.0 = SingleImage
		{A4B33129-327B-47DC-A747-346352077074}.SingleImage|Any CPU.ActiveCfg = SingleImage
		{A4B33129-327B-47DC-A747-346352077074}.SingleImage|Any CPU.Build.0 = SingleImage
	EndGlobalSection
	GlobalSection(SolutionProperties) = preSolution
		HideSolutionNode = FALSE
	EndGlobalSection
EndGlobal
